// !$*UTF8*$!
{
	archiveVersion = 1;
	classes = {
	};
	objectVersion = 46;
	objects = {

/* Begin PBXBuildFile section */
		FF6859F51A9FE59300D84027 /* ScoreTableViewCell.m in Sources */ = {isa = PBXBuildFile; fileRef = FF6859F41A9FE59300D84027 /* ScoreTableViewCell.m */; };
		FFBD34021A9FD97100D50B24 /* Model.xcdatamodeld in Sources */ = {isa = PBXBuildFile; fileRef = FFBD34001A9FD97100D50B24 /* Model.xcdatamodeld */; };
		FFBD34041A9FD9BA00D50B24 /* CoreData.framework in Frameworks */ = {isa = PBXBuildFile; fileRef = FFBD34031A9FD9BA00D50B24 /* CoreData.framework */; };
		FFBD34071A9FDA6B00D50B24 /* Player.m in Sources */ = {isa = PBXBuildFile; fileRef = FFBD34061A9FDA6B00D50B24 /* Player.m */; };
		FFBD340A1A9FDA6C00D50B24 /* Game.m in Sources */ = {isa = PBXBuildFile; fileRef = FFBD34091A9FDA6C00D50B24 /* Game.m */; };
		FFBD340F1A9FDA9D00D50B24 /* Stack.m in Sources */ = {isa = PBXBuildFile; fileRef = FFBD340E1A9FDA9D00D50B24 /* Stack.m */; };
		FFBD34141A9FE08300D50B24 /* GameDetailViewController.m in Sources */ = {isa = PBXBuildFile; fileRef = FFBD34131A9FE08300D50B24 /* GameDetailViewController.m */; };
		FFC43F651A9FD4590013D2AC /* main.m in Sources */ = {isa = PBXBuildFile; fileRef = FFC43F641A9FD4590013D2AC /* main.m */; };
		FFC43F681A9FD4590013D2AC /* AppDelegate.m in Sources */ = {isa = PBXBuildFile; fileRef = FFC43F671A9FD4590013D2AC /* AppDelegate.m */; };
		FFC43F6E1A9FD4590013D2AC /* GameViewController.m in Sources */ = {isa = PBXBuildFile; fileRef = FFC43F6D1A9FD4590013D2AC /* GameViewController.m */; };
		FFC43F711A9FD4590013D2AC /* Main.storyboard in Resources */ = {isa = PBXBuildFile; fileRef = FFC43F6F1A9FD4590013D2AC /* Main.storyboard */; };
		FFC43F731A9FD4590013D2AC /* Images.xcassets in Resources */ = {isa = PBXBuildFile; fileRef = FFC43F721A9FD4590013D2AC /* Images.xcassets */; };
		FFC43F761A9FD4590013D2AC /* LaunchScreen.xib in Resources */ = {isa = PBXBuildFile; fileRef = FFC43F741A9FD4590013D2AC /* LaunchScreen.xib */; };
		FFC43F821A9FD4590013D2AC /* ScoreKeeperCoreDataTests.m in Sources */ = {isa = PBXBuildFile; fileRef = FFC43F811A9FD4590013D2AC /* ScoreKeeperCoreDataTests.m */; };
/* End PBXBuildFile section */

/* Begin PBXContainerItemProxy section */
		FFC43F7C1A9FD4590013D2AC /* PBXContainerItemProxy */ = {
			isa = PBXContainerItemProxy;
			containerPortal = FFC43F571A9FD4590013D2AC /* Project object */;
			proxyType = 1;
			remoteGlobalIDString = FFC43F5E1A9FD4590013D2AC;
			remoteInfo = ScoreKeeperCoreData;
		};
/* End PBXContainerItemProxy section */

/* Begin PBXFileReference section */
		FF6859F31A9FE59300D84027 /* ScoreTableViewCell.h */ = {isa = PBXFileReference; fileEncoding = 4; lastKnownFileType = sourcecode.c.h; path = ScoreTableViewCell.h; sourceTree = "<group>"; };
		FF6859F41A9FE59300D84027 /* ScoreTableViewCell.m */ = {isa = PBXFileReference; fileEncoding = 4; lastKnownFileType = sourcecode.c.objc; path = ScoreTableViewCell.m; sourceTree = "<group>"; };
		FFBD34011A9FD97100D50B24 /* Model.xcdatamodel */ = {isa = PBXFileReference; lastKnownFileType = wrapper.xcdatamodel; path = Model.xcdatamodel; sourceTree = "<group>"; };
		FFBD34031A9FD9BA00D50B24 /* CoreData.framework */ = {isa = PBXFileReference; lastKnownFileType = wrapper.framework; name = CoreData.framework; path = System/Library/Frameworks/CoreData.framework; sourceTree = SDKROOT; };
		FFBD34051A9FDA6B00D50B24 /* Player.h */ = {isa = PBXFileReference; fileEncoding = 4; lastKnownFileType = sourcecode.c.h; path = Player.h; sourceTree = "<group>"; };
		FFBD34061A9FDA6B00D50B24 /* Player.m */ = {isa = PBXFileReference; fileEncoding = 4; lastKnownFileType = sourcecode.c.objc; path = Player.m; sourceTree = "<group>"; };
		FFBD34081A9FDA6C00D50B24 /* Game.h */ = {isa = PBXFileReference; fileEncoding = 4; lastKnownFileType = sourcecode.c.h; path = Game.h; sourceTree = "<group>"; };
		FFBD34091A9FDA6C00D50B24 /* Game.m */ = {isa = PBXFileReference; fileEncoding = 4; lastKnownFileType = sourcecode.c.objc; path = Game.m; sourceTree = "<group>"; };
		FFBD340D1A9FDA9D00D50B24 /* Stack.h */ = {isa = PBXFileReference; fileEncoding = 4; lastKnownFileType = sourcecode.c.h; path = Stack.h; sourceTree = "<group>"; };
		FFBD340E1A9FDA9D00D50B24 /* Stack.m */ = {isa = PBXFileReference; fileEncoding = 4; lastKnownFileType = sourcecode.c.objc; path = Stack.m; sourceTree = "<group>"; };
		FFBD34121A9FE08300D50B24 /* GameDetailViewController.h */ = {isa = PBXFileReference; fileEncoding = 4; lastKnownFileType = sourcecode.c.h; path = GameDetailViewController.h; sourceTree = "<group>"; };
		FFBD34131A9FE08300D50B24 /* GameDetailViewController.m */ = {isa = PBXFileReference; fileEncoding = 4; lastKnownFileType = sourcecode.c.objc; path = GameDetailViewController.m; sourceTree = "<group>"; };
		FFC43F5F1A9FD4590013D2AC /* ScoreKeeperCoreData.app */ = {isa = PBXFileReference; explicitFileType = wrapper.application; includeInIndex = 0; path = ScoreKeeperCoreData.app; sourceTree = BUILT_PRODUCTS_DIR; };
		FFC43F631A9FD4590013D2AC /* Info.plist */ = {isa = PBXFileReference; lastKnownFileType = text.plist.xml; path = Info.plist; sourceTree = "<group>"; };
		FFC43F641A9FD4590013D2AC /* main.m */ = {isa = PBXFileReference; lastKnownFileType = sourcecode.c.objc; path = main.m; sourceTree = "<group>"; };
		FFC43F661A9FD4590013D2AC /* AppDelegate.h */ = {isa = PBXFileReference; lastKnownFileType = sourcecode.c.h; path = AppDelegate.h; sourceTree = "<group>"; };
		FFC43F671A9FD4590013D2AC /* AppDelegate.m */ = {isa = PBXFileReference; lastKnownFileType = sourcecode.c.objc; path = AppDelegate.m; sourceTree = "<group>"; };
		FFC43F6C1A9FD4590013D2AC /* GameViewController.h */ = {isa = PBXFileReference; lastKnownFileType = sourcecode.c.h; path = GameViewController.h; sourceTree = "<group>"; };
		FFC43F6D1A9FD4590013D2AC /* GameViewController.m */ = {isa = PBXFileReference; lastKnownFileType = sourcecode.c.objc; path = GameViewController.m; sourceTree = "<group>"; };
		FFC43F701A9FD4590013D2AC /* Base */ = {isa = PBXFileReference; lastKnownFileType = file.storyboard; name = Base; path = Base.lproj/Main.storyboard; sourceTree = "<group>"; };
		FFC43F721A9FD4590013D2AC /* Images.xcassets */ = {isa = PBXFileReference; lastKnownFileType = folder.assetcatalog; path = Images.xcassets; sourceTree = "<group>"; };
		FFC43F751A9FD4590013D2AC /* Base */ = {isa = PBXFileReference; lastKnownFileType = file.xib; name = Base; path = Base.lproj/LaunchScreen.xib; sourceTree = "<group>"; };
		FFC43F7B1A9FD4590013D2AC /* ScoreKeeperCoreDataTests.xctest */ = {isa = PBXFileReference; explicitFileType = wrapper.cfbundle; includeInIndex = 0; path = ScoreKeeperCoreDataTests.xctest; sourceTree = BUILT_PRODUCTS_DIR; };
		FFC43F801A9FD4590013D2AC /* Info.plist */ = {isa = PBXFileReference; lastKnownFileType = text.plist.xml; path = Info.plist; sourceTree = "<group>"; };
		FFC43F811A9FD4590013D2AC /* ScoreKeeperCoreDataTests.m */ = {isa = PBXFileReference; lastKnownFileType = sourcecode.c.objc; path = ScoreKeeperCoreDataTests.m; sourceTree = "<group>"; };
/* End PBXFileReference section */

/* Begin PBXFrameworksBuildPhase section */
		FFC43F5C1A9FD4590013D2AC /* Frameworks */ = {
			isa = PBXFrameworksBuildPhase;
			buildActionMask = 2147483647;
			files = (
				FFBD34041A9FD9BA00D50B24 /* CoreData.framework in Frameworks */,
			);
			runOnlyForDeploymentPostprocessing = 0;
		};
		FFC43F781A9FD4590013D2AC /* Frameworks */ = {
			isa = PBXFrameworksBuildPhase;
			buildActionMask = 2147483647;
			files = (
			);
			runOnlyForDeploymentPostprocessing = 0;
		};
/* End PBXFrameworksBuildPhase section */

/* Begin PBXGroup section */
		FFBD340B1A9FDA7200D50B24 /* Core Data */ = {
			isa = PBXGroup;
			children = (
				FFBD34001A9FD97100D50B24 /* Model.xcdatamodeld */,
				FFBD34081A9FDA6C00D50B24 /* Game.h */,
				FFBD34091A9FDA6C00D50B24 /* Game.m */,
				FFBD34051A9FDA6B00D50B24 /* Player.h */,
				FFBD34061A9FDA6B00D50B24 /* Player.m */,
				FFBD340C1A9FDA8B00D50B24 /* Stack */,
			);
			name = "Core Data";
			sourceTree = "<group>";
		};
		FFBD340C1A9FDA8B00D50B24 /* Stack */ = {
			isa = PBXGroup;
			children = (
				FFBD340D1A9FDA9D00D50B24 /* Stack.h */,
				FFBD340E1A9FDA9D00D50B24 /* Stack.m */,
			);
			name = Stack;
			sourceTree = "<group>";
		};
		FFBD34101A9FDC2800D50B24 /* Game */ = {
			isa = PBXGroup;
			children = (
				FFC43F6C1A9FD4590013D2AC /* GameViewController.h */,
				FFC43F6D1A9FD4590013D2AC /* GameViewController.m */,
			);
			name = Game;
			sourceTree = "<group>";
		};
		FFBD34111A9FDC3900D50B24 /* Detail Game */ = {
			isa = PBXGroup;
			children = (
				FFBD34121A9FE08300D50B24 /* GameDetailViewController.h */,
				FFBD34131A9FE08300D50B24 /* GameDetailViewController.m */,
				FF6859F31A9FE59300D84027 /* ScoreTableViewCell.h */,
				FF6859F41A9FE59300D84027 /* ScoreTableViewCell.m */,
			);
			name = "Detail Game";
			sourceTree = "<group>";
		};
		FFC43F561A9FD4590013D2AC = {
			isa = PBXGroup;
			children = (
				FFBD34031A9FD9BA00D50B24 /* CoreData.framework */,
				FFC43F611A9FD4590013D2AC /* ScoreKeeperCoreData */,
				FFC43F7E1A9FD4590013D2AC /* ScoreKeeperCoreDataTests */,
				FFC43F601A9FD4590013D2AC /* Products */,
			);
			sourceTree = "<group>";
		};
		FFC43F601A9FD4590013D2AC /* Products */ = {
			isa = PBXGroup;
			children = (
				FFC43F5F1A9FD4590013D2AC /* ScoreKeeperCoreData.app */,
				FFC43F7B1A9FD4590013D2AC /* ScoreKeeperCoreDataTests.xctest */,
			);
			name = Products;
			sourceTree = "<group>";
		};
		FFC43F611A9FD4590013D2AC /* ScoreKeeperCoreData */ = {
			isa = PBXGroup;
			children = (
				FFC43F661A9FD4590013D2AC /* AppDelegate.h */,
				FFC43F671A9FD4590013D2AC /* AppDelegate.m */,
				FFBD34101A9FDC2800D50B24 /* Game */,
				FFBD34111A9FDC3900D50B24 /* Detail Game */,
				FFBD340B1A9FDA7200D50B24 /* Core Data */,
				FFC43F6F1A9FD4590013D2AC /* Main.storyboard */,
				FFC43F721A9FD4590013D2AC /* Images.xcassets */,
				FFC43F741A9FD4590013D2AC /* LaunchScreen.xib */,
				FFC43F621A9FD4590013D2AC /* Supporting Files */,
			);
			path = ScoreKeeperCoreData;
			sourceTree = "<group>";
		};
		FFC43F621A9FD4590013D2AC /* Supporting Files */ = {
			isa = PBXGroup;
			children = (
				FFC43F631A9FD4590013D2AC /* Info.plist */,
				FFC43F641A9FD4590013D2AC /* main.m */,
			);
			name = "Supporting Files";
			sourceTree = "<group>";
		};
		FFC43F7E1A9FD4590013D2AC /* ScoreKeeperCoreDataTests */ = {
			isa = PBXGroup;
			children = (
				FFC43F811A9FD4590013D2AC /* ScoreKeeperCoreDataTests.m */,
				FFC43F7F1A9FD4590013D2AC /* Supporting Files */,
			);
			path = ScoreKeeperCoreDataTests;
			sourceTree = "<group>";
		};
		FFC43F7F1A9FD4590013D2AC /* Supporting Files */ = {
			isa = PBXGroup;
			children = (
				FFC43F801A9FD4590013D2AC /* Info.plist */,
			);
			name = "Supporting Files";
			sourceTree = "<group>";
		};
/* End PBXGroup section */

/* Begin PBXNativeTarget section */
		FFC43F5E1A9FD4590013D2AC /* ScoreKeeperCoreData */ = {
			isa = PBXNativeTarget;
			buildConfigurationList = FFC43F851A9FD4590013D2AC /* Build configuration list for PBXNativeTarget "ScoreKeeperCoreData" */;
			buildPhases = (
				FFC43F5B1A9FD4590013D2AC /* Sources */,
				FFC43F5C1A9FD4590013D2AC /* Frameworks */,
				FFC43F5D1A9FD4590013D2AC /* Resources */,
			);
			buildRules = (
			);
			dependencies = (
			);
			name = ScoreKeeperCoreData;
			productName = ScoreKeeperCoreData;
			productReference = FFC43F5F1A9FD4590013D2AC /* ScoreKeeperCoreData.app */;
			productType = "com.apple.product-type.application";
		};
		FFC43F7A1A9FD4590013D2AC /* ScoreKeeperCoreDataTests */ = {
			isa = PBXNativeTarget;
			buildConfigurationList = FFC43F881A9FD4590013D2AC /* Build configuration list for PBXNativeTarget "ScoreKeeperCoreDataTests" */;
			buildPhases = (
				FFC43F771A9FD4590013D2AC /* Sources */,
				FFC43F781A9FD4590013D2AC /* Frameworks */,
				FFC43F791A9FD4590013D2AC /* Resources */,
			);
			buildRules = (
			);
			dependencies = (
				FFC43F7D1A9FD4590013D2AC /* PBXTargetDependency */,
			);
			name = ScoreKeeperCoreDataTests;
			productName = ScoreKeeperCoreDataTests;
			productReference = FFC43F7B1A9FD4590013D2AC /* ScoreKeeperCoreDataTests.xctest */;
			productType = "com.apple.product-type.bundle.unit-test";
		};
/* End PBXNativeTarget section */

/* Begin PBXProject section */
		FFC43F571A9FD4590013D2AC /* Project object */ = {
			isa = PBXProject;
			attributes = {
				LastUpgradeCheck = 0610;
				ORGANIZATIONNAME = "Ross McIlwaine";
				TargetAttributes = {
					FFC43F5E1A9FD4590013D2AC = {
						CreatedOnToolsVersion = 6.1.1;
					};
					FFC43F7A1A9FD4590013D2AC = {
						CreatedOnToolsVersion = 6.1.1;
						TestTargetID = FFC43F5E1A9FD4590013D2AC;
					};
				};
			};
			buildConfigurationList = FFC43F5A1A9FD4590013D2AC /* Build configuration list for PBXProject "ScoreKeeperCoreData" */;
			compatibilityVersion = "Xcode 3.2";
			developmentRegion = English;
			hasScannedForEncodings = 0;
			knownRegions = (
				en,
				Base,
			);
			mainGroup = FFC43F561A9FD4590013D2AC;
			productRefGroup = FFC43F601A9FD4590013D2AC /* Products */;
			projectDirPath = "";
			projectRoot = "";
			targets = (
				FFC43F5E1A9FD4590013D2AC /* ScoreKeeperCoreData */,
				FFC43F7A1A9FD4590013D2AC /* ScoreKeeperCoreDataTests */,
			);
		};
/* End PBXProject section */

/* Begin PBXResourcesBuildPhase section */
		FFC43F5D1A9FD4590013D2AC /* Resources */ = {
			isa = PBXResourcesBuildPhase;
			buildActionMask = 2147483647;
			files = (
				FFC43F711A9FD4590013D2AC /* Main.storyboard in Resources */,
				FFC43F761A9FD4590013D2AC /* LaunchScreen.xib in Resources */,
				FFC43F731A9FD4590013D2AC /* Images.xcassets in Resources */,
			);
			runOnlyForDeploymentPostprocessing = 0;
		};
		FFC43F791A9FD4590013D2AC /* Resources */ = {
			isa = PBXResourcesBuildPhase;
			buildActionMask = 2147483647;
			files = (
			);
			runOnlyForDeploymentPostprocessing = 0;
		};
/* End PBXResourcesBuildPhase section */

/* Begin PBXSourcesBuildPhase section */
		FFC43F5B1A9FD4590013D2AC /* Sources */ = {
			isa = PBXSourcesBuildPhase;
			buildActionMask = 2147483647;
			files = (
				FFC43F681A9FD4590013D2AC /* AppDelegate.m in Sources */,
				FFBD34141A9FE08300D50B24 /* GameDetailViewController.m in Sources */,
				FFBD340F1A9FDA9D00D50B24 /* Stack.m in Sources */,
				FFC43F6E1A9FD4590013D2AC /* GameViewController.m in Sources */,
				FFC43F651A9FD4590013D2AC /* main.m in Sources */,
				FFBD340A1A9FDA6C00D50B24 /* Game.m in Sources */,
				FFBD34021A9FD97100D50B24 /* Model.xcdatamodeld in Sources */,
				FF6859F51A9FE59300D84027 /* ScoreTableViewCell.m in Sources */,
				FFBD34071A9FDA6B00D50B24 /* Player.m in Sources */,
			);
			runOnlyForDeploymentPostprocessing = 0;
		};
		FFC43F771A9FD4590013D2AC /* Sources */ = {
			isa = PBXSourcesBuildPhase;
			buildActionMask = 2147483647;
			files = (
				FFC43F821A9FD4590013D2AC /* ScoreKeeperCoreDataTests.m in Sources */,
			);
			runOnlyForDeploymentPostprocessing = 0;
		};
/* End PBXSourcesBuildPhase section */

/* Begin PBXTargetDependency section */
		FFC43F7D1A9FD4590013D2AC /* PBXTargetDependency */ = {
			isa = PBXTargetDependency;
			target = FFC43F5E1A9FD4590013D2AC /* ScoreKeeperCoreData */;
			targetProxy = FFC43F7C1A9FD4590013D2AC /* PBXContainerItemProxy */;
		};
/* End PBXTargetDependency section */

/* Begin PBXVariantGroup section */
		FFC43F6F1A9FD4590013D2AC /* Main.storyboard */ = {
			isa = PBXVariantGroup;
			children = (
				FFC43F701A9FD4590013D2AC /* Base */,
			);
			name = Main.storyboard;
			sourceTree = "<group>";
		};
		FFC43F741A9FD4590013D2AC /* LaunchScreen.xib */ = {
			isa = PBXVariantGroup;
			children = (
				FFC43F751A9FD4590013D2AC /* Base */,
			);
			name = LaunchScreen.xib;
			sourceTree = "<group>";
		};
/* End PBXVariantGroup section */

/* Begin XCBuildConfiguration section */
		FFC43F831A9FD4590013D2AC /* Debug */ = {
			isa = XCBuildConfiguration;
			buildSettings = {
				ALWAYS_SEARCH_USER_PATHS = NO;
				CLANG_CXX_LANGUAGE_STANDARD = "gnu++0x";
				CLANG_CXX_LIBRARY = "libc++";
				CLANG_ENABLE_MODULES = YES;
				CLANG_ENABLE_OBJC_ARC = YES;
				CLANG_WARN_BOOL_CONVERSION = YES;
				CLANG_WARN_CONSTANT_CONVERSION = YES;
				CLANG_WARN_DIRECT_OBJC_ISA_USAGE = YES_ERROR;
				CLANG_WARN_EMPTY_BODY = YES;
				CLANG_WARN_ENUM_CONVERSION = YES;
				CLANG_WARN_INT_CONVERSION = YES;
				CLANG_WARN_OBJC_ROOT_CLASS = YES_ERROR;
				CLANG_WARN_UNREACHABLE_CODE = YES;
				CLANG_WARN__DUPLICATE_METHOD_MATCH = YES;
				"CODE_SIGN_IDENTITY[sdk=iphoneos*]" = "iPhone Developer";
				COPY_PHASE_STRIP = NO;
				ENABLE_STRICT_OBJC_MSGSEND = YES;
				GCC_C_LANGUAGE_STANDARD = gnu99;
				GCC_DYNAMIC_NO_PIC = NO;
				GCC_OPTIMIZATION_LEVEL = 0;
				GCC_PREPROCESSOR_DEFINITIONS = (
					"DEBUG=1",
					"$(inherited)",
				);
				GCC_SYMBOLS_PRIVATE_EXTERN = NO;
				GCC_WARN_64_TO_32_BIT_CONVERSION = YES;
				GCC_WARN_ABOUT_RETURN_TYPE = YES_ERROR;
				GCC_WARN_UNDECLARED_SELECTOR = YES;
				GCC_WARN_UNINITIALIZED_AUTOS = YES_AGGRESSIVE;
				GCC_WARN_UNUSED_FUNCTION = YES;
				GCC_WARN_UNUSED_VARIABLE = YES;
				IPHONEOS_DEPLOYMENT_TARGET = 8.1;
				MTL_ENABLE_DEBUG_INFO = YES;
				ONLY_ACTIVE_ARCH = YES;
				SDKROOT = iphoneos;
			};
			name = Debug;
		};
		FFC43F841A9FD4590013D2AC /* Release */ = {
			isa = XCBuildConfiguration;
			buildSettings = {
				ALWAYS_SEARCH_USER_PATHS = NO;
				CLANG_CXX_LANGUAGE_STANDARD = "gnu++0x";
				CLANG_CXX_LIBRARY = "libc++";
				CLANG_ENABLE_MODULES = YES;
				CLANG_ENABLE_OBJC_ARC = YES;
				CLANG_WARN_BOOL_CONVERSION = YES;
				CLANG_WARN_CONSTANT_CONVERSION = YES;
				CLANG_WARN_DIRECT_OBJC_ISA_USAGE = YES_ERROR;
				CLANG_WARN_EMPTY_BODY = YES;
				CLANG_WARN_ENUM_CONVERSION = YES;
				CLANG_WARN_INT_CONVERSION = YES;
				CLANG_WARN_OBJC_ROOT_CLASS = YES_ERROR;
				CLANG_WARN_UNREACHABLE_CODE = YES;
				CLANG_WARN__DUPLICATE_METHOD_MATCH = YES;
				"CODE_SIGN_IDENTITY[sdk=iphoneos*]" = "iPhone Developer";
				COPY_PHASE_STRIP = YES;
				ENABLE_NS_ASSERTIONS = NO;
				ENABLE_STRICT_OBJC_MSGSEND = YES;
				GCC_C_LANGUAGE_STANDARD = gnu99;
				GCC_WARN_64_TO_32_BIT_CONVERSION = YES;
				GCC_WARN_ABOUT_RETURN_TYPE = YES_ERROR;
				GCC_WARN_UNDECLARED_SELECTOR = YES;
				GCC_WARN_UNINITIALIZED_AUTOS = YES_AGGRESSIVE;
				GCC_WARN_UNUSED_FUNCTION = YES;
				GCC_WARN_UNUSED_VARIABLE = YES;
				IPHONEOS_DEPLOYMENT_TARGET = 8.1;
				MTL_ENABLE_DEBUG_INFO = NO;
				SDKROOT = iphoneos;
				VALIDATE_PRODUCT = YES;
			};
			name = Release;
		};
		FFC43F861A9FD4590013D2AC /* Debug */ = {
			isa = XCBuildConfiguration;
			buildSettings = {
				ASSETCATALOG_COMPILER_APPICON_NAME = AppIcon;
				INFOPLIST_FILE = ScoreKeeperCoreData/Info.plist;
				LD_RUNPATH_SEARCH_PATHS = "$(inherited) @executable_path/Frameworks";
				PRODUCT_NAME = "$(TARGET_NAME)";
			};
			name = Debug;
		};
		FFC43F871A9FD4590013D2AC /* Release */ = {
			isa = XCBuildConfiguration;
			buildSettings = {
				ASSETCATALOG_COMPILER_APPICON_NAME = AppIcon;
				INFOPLIST_FILE = ScoreKeeperCoreData/Info.plist;
				LD_RUNPATH_SEARCH_PATHS = "$(inherited) @executable_path/Frameworks";
				PRODUCT_NAME = "$(TARGET_NAME)";
			};
			name = Release;
		};
		FFC43F891A9FD4590013D2AC /* Debug */ = {
			isa = XCBuildConfiguration;
			buildSettings = {
				BUNDLE_LOADER = "$(TEST_HOST)";
				FRAMEWORK_SEARCH_PATHS = (
					"$(SDKROOT)/Developer/Library/Frameworks",
					"$(inherited)",
				);
				GCC_PREPROCESSOR_DEFINITIONS = (
					"DEBUG=1",
					"$(inherited)",
				);
				INFOPLIST_FILE = ScoreKeeperCoreDataTests/Info.plist;
				LD_RUNPATH_SEARCH_PATHS = "$(inherited) @executable_path/Frameworks @loader_path/Frameworks";
				PRODUCT_NAME = "$(TARGET_NAME)";
				TEST_HOST = "$(BUILT_PRODUCTS_DIR)/ScoreKeeperCoreData.app/ScoreKeeperCoreData";
			};
			name = Debug;
		};
		FFC43F8A1A9FD4590013D2AC /* Release */ = {
			isa = XCBuildConfiguration;
			buildSettings = {
				BUNDLE_LOADER = "$(TEST_HOST)";
				FRAMEWORK_SEARCH_PATHS = (
					"$(SDKROOT)/Developer/Library/Frameworks",
					"$(inherited)",
				);
				INFOPLIST_FILE = ScoreKeeperCoreDataTests/Info.plist;
				LD_RUNPATH_SEARCH_PATHS = "$(inherited) @executable_path/Frameworks @loader_path/Frameworks";
				PRODUCT_NAME = "$(TARGET_NAME)";
				TEST_HOST = "$(BUILT_PRODUCTS_DIR)/ScoreKeeperCoreData.app/ScoreKeeperCoreData";
			};
			name = Release;
		};
/* End XCBuildConfiguration section */

/* Begin XCConfigurationList section */
		FFC43F5A1A9FD4590013D2AC /* Build configuration list for PBXProject "ScoreKeeperCoreData" */ = {
			isa = XCConfigurationList;
			buildConfigurations = (
				FFC43F831A9FD4590013D2AC /* Debug */,
				FFC43F841A9FD4590013D2AC /* Release */,
			);
			defaultConfigurationIsVisible = 0;
			defaultConfigurationName = Release;
		};
		FFC43F851A9FD4590013D2AC /* Build configuration list for PBXNativeTarget "ScoreKeeperCoreData" */ = {
			isa = XCConfigurationList;
			buildConfigurations = (
				FFC43F861A9FD4590013D2AC /* Debug */,
				FFC43F871A9FD4590013D2AC /* Release */,
			);
			defaultConfigurationIsVisible = 0;
			defaultConfigurationName = Release;
		};
		FFC43F881A9FD4590013D2AC /* Build configuration list for PBXNativeTarget "ScoreKeeperCoreDataTests" */ = {
			isa = XCConfigurationList;
			buildConfigurations = (
				FFC43F891A9FD4590013D2AC /* Debug */,
				FFC43F8A1A9FD4590013D2AC /* Release */,
			);
			defaultConfigurationIsVisible = 0;
			defaultConfigurationName = Release;
		};
/* End XCConfigurationList section */

/* Begin XCVersionGroup section */
		FFBD34001A9FD97100D50B24 /* Model.xcdatamodeld */ = {
			isa = XCVersionGroup;
			children = (
				FFBD34011A9FD97100D50B24 /* Model.xcdatamodel */,
			);
			currentVersion = FFBD34011A9FD97100D50B24 /* Model.xcdatamodel */;
			path = Model.xcdatamodeld;
			sourceTree = "<group>";
			versionGroupType = wrapper.xcdatamodel;
		};
/* End XCVersionGroup section */
	};
	rootObject = FFC43F571A9FD4590013D2AC /* Project object */;
}
